
Microsoft Visual Studio Solution File, Format Version 12.00
# Visual Studio Version 16
VisualStudioVersion = 16.0.30517.126
MinimumVisualStudioVersion = 10.0.40219.1
Project("{FAE04EC0-301F-11D3-BF4B-00C04F79EFBC}") = "Practica 02_IWEB_09", "Practica 02_IWEB_09\Practica 02_IWEB_09.csproj", "{C9882811-0118-4059-976A-5915F13B1A51}"
EndProject
Global
	GlobalSection(SolutionConfigurationPlatforms) = preSolution
		Debug|Any CPU = Debug|Any CPU
		Release|Any CPU = Release|Any CPU
	EndGlobalSection
	GlobalSection(ProjectConfigurationPlatforms) = postSolution
		{C9882811-0118-4059-976A-5915F13B1A51}.Debug|Any CPU.ActiveCfg = Debug|Any CPU
		{C9882811-0118-4059-976A-5915F13B1A51}.Debug|Any CPU.Build.0 = Debug|Any CPU
		{C9882811-0118-4059-976A-5915F13B1A51}.Release|Any CPU.ActiveCfg = Release|Any CPU
		{C9882811-0118-4059-976A-5915F13B1A51}.Release|Any CPU.Build.0 = Release|Any CPU
	EndGlobalSection
	GlobalSection(SolutionProperties) = preSolution
		HideSolutionNode = FALSE
	EndGlobalSection
	GlobalSection(ExtensibilityGlobals) = postSolution
		SolutionGuid = {FE80BBBF-751A-4B47-8A0B-6D5A992CE436}
	EndGlobalSection
EndGlobal
